
Microsoft Visual Studio Solution File, Format Version 12.00
# Visual Studio Version 17
VisualStudioVersion = 17.14.36203.30
MinimumVisualStudioVersion = 10.0.40219.1
Project("{54A90642-561A-4BB1-A94E-469ADEE60C69}") = "vite-react-api-001", "vite-react-api-001.esproj", "{3D92E319-7756-628F-83B8-836A92AF07AB}"
EndProject
Global
	GlobalSection(SolutionConfigurationPlatforms) = preSolution
		Debug|Any CPU = Debug|Any CPU
		Release|Any CPU = Release|Any CPU
	EndGlobalSection
	GlobalSection(ProjectConfigurationPlatforms) = postSolution
		{3D92E319-7756-628F-83B8-836A92AF07AB}.Debug|Any CPU.ActiveCfg = Debug|Any CPU
		{3D92E319-7756-628F-83B8-836A92AF07AB}.Debug|Any CPU.Build.0 = Debug|Any CPU
		{3D92E319-7756-628F-83B8-836A92AF07AB}.Debug|Any CPU.Deploy.0 = Debug|Any CPU
		{3D92E319-7756-628F-83B8-836A92AF07AB}.Release|Any CPU.ActiveCfg = Release|Any CPU
		{3D92E319-7756-628F-83B8-836A92AF07AB}.Release|Any CPU.Build.0 = Release|Any CPU
		{3D92E319-7756-628F-83B8-836A92AF07AB}.Release|Any CPU.Deploy.0 = Release|Any CPU
	EndGlobalSection
	GlobalSection(SolutionProperties) = preSolution
		HideSolutionNode = FALSE
	EndGlobalSection
	GlobalSection(ExtensibilityGlobals) = postSolution
		SolutionGuid = {A7D7772E-ED57-4B8E-98E3-41627C3EAEEF}
	EndGlobalSection
EndGlobal
